
Microsoft Visual Studio Solution File, Format Version 12.00
# Visual Studio 15
VisualStudioVersion = 15.0.28307.757
MinimumVisualStudioVersion = 10.0.40219.1
Project("{FAE04EC0-301F-11D3-BF4B-00C04F79EFBC}") = "NumberParser", "NumberParser\NumberParser.csproj", "{58E36706-0F4F-480C-AB35-EB6969959BB3}"
EndProject
Global
	GlobalSection(SolutionConfigurationPlatforms) = preSolution
		Debug|Any CPU = Debug|Any CPU
		Release|Any CPU = Release|Any CPU
	EndGlobalSection
	GlobalSection(ProjectConfigurationPlatforms) = postSolution
		{58E36706-0F4F-480C-AB35-EB6969959BB3}.Debug|Any CPU.ActiveCfg = Debug|Any CPU
		{58E36706-0F4F-480C-AB35-EB6969959BB3}.Debug|Any CPU.Build.0 = Debug|Any CPU
		{58E36706-0F4F-480C-AB35-EB6969959BB3}.Release|Any CPU.ActiveCfg = Release|Any CPU
		{58E36706-0F4F-480C-AB35-EB6969959BB3}.Release|Any CPU.Build.0 = Release|Any CPU
	EndGlobalSection
	GlobalSection(SolutionProperties) = preSolution
		HideSolutionNode = FALSE
	EndGlobalSection
	GlobalSection(ExtensibilityGlobals) = postSolution
		SolutionGuid = {262FE790-E97F-4831-AC67-F344B3325EE3}
	EndGlobalSection
EndGlobal
